
Microsoft Visual Studio Solution File, Format Version 12.00
Project("{2150E333-8FDC-42A3-9474-1A3956D46DE8}") = "src", "src", "{01399AED-2A7B-4251-ADB4-63EA0B4ACB1B}"
EndProject
Project("{2150E333-8FDC-42A3-9474-1A3956D46DE8}") = "tests", "tests", "{F23131C9-72F5-411F-AFBC-989795AA22FB}"
EndProject
Project("{FAE04EC0-301F-11D3-BF4B-00C04F79EFBC}") = "AutoDI.SourceGen", "src\AutoDI.SourceGen\AutoDI.SourceGen.csproj", "{D4A46710-A009-44E2-8449-5A09C967DEAA}"
EndProject
Project("{FAE04EC0-301F-11D3-BF4B-00C04F79EFBC}") = "AutoDI.SourceGen.Tests", "tests\AutoDI.SourceGen.Tests\AutoDI.SourceGen.Tests.csproj", "{E6359F0D-351F-4BC8-82E1-A7FF0E42D9B7}"
EndProject
Project("{FAE04EC0-301F-11D3-BF4B-00C04F79EFBC}") = "AutoDI", "src\AutoDI\AutoDI.csproj", "{169CBCF1-7D99-419C-876B-9308C3B6F915}"
EndProject
Project("{FAE04EC0-301F-11D3-BF4B-00C04F79EFBC}") = "ExampleWebAPI", "src\ExampleWebAPI\ExampleWebAPI.csproj", "{DB724444-1E33-4CC3-BA0D-9F4545C7FD98}"
EndProject
Global
	GlobalSection(SolutionConfigurationPlatforms) = preSolution
		Debug|Any CPU = Debug|Any CPU
		Release|Any CPU = Release|Any CPU
	EndGlobalSection
	GlobalSection(NestedProjects) = preSolution
		{D4A46710-A009-44E2-8449-5A09C967DEAA} = {01399AED-2A7B-4251-ADB4-63EA0B4ACB1B}
		{E6359F0D-351F-4BC8-82E1-A7FF0E42D9B7} = {F23131C9-72F5-411F-AFBC-989795AA22FB}
		{169CBCF1-7D99-419C-876B-9308C3B6F915} = {01399AED-2A7B-4251-ADB4-63EA0B4ACB1B}
		{DB724444-1E33-4CC3-BA0D-9F4545C7FD98} = {01399AED-2A7B-4251-ADB4-63EA0B4ACB1B}
	EndGlobalSection
	GlobalSection(ProjectConfigurationPlatforms) = postSolution
		{D4A46710-A009-44E2-8449-5A09C967DEAA}.Debug|Any CPU.ActiveCfg = Debug|Any CPU
		{D4A46710-A009-44E2-8449-5A09C967DEAA}.Debug|Any CPU.Build.0 = Debug|Any CPU
		{D4A46710-A009-44E2-8449-5A09C967DEAA}.Release|Any CPU.ActiveCfg = Release|Any CPU
		{D4A46710-A009-44E2-8449-5A09C967DEAA}.Release|Any CPU.Build.0 = Release|Any CPU
		{E6359F0D-351F-4BC8-82E1-A7FF0E42D9B7}.Debug|Any CPU.ActiveCfg = Debug|Any CPU
		{E6359F0D-351F-4BC8-82E1-A7FF0E42D9B7}.Debug|Any CPU.Build.0 = Debug|Any CPU
		{E6359F0D-351F-4BC8-82E1-A7FF0E42D9B7}.Release|Any CPU.ActiveCfg = Release|Any CPU
		{E6359F0D-351F-4BC8-82E1-A7FF0E42D9B7}.Release|Any CPU.Build.0 = Release|Any CPU
		{169CBCF1-7D99-419C-876B-9308C3B6F915}.Debug|Any CPU.ActiveCfg = Debug|Any CPU
		{169CBCF1-7D99-419C-876B-9308C3B6F915}.Debug|Any CPU.Build.0 = Debug|Any CPU
		{169CBCF1-7D99-419C-876B-9308C3B6F915}.Release|Any CPU.ActiveCfg = Release|Any CPU
		{169CBCF1-7D99-419C-876B-9308C3B6F915}.Release|Any CPU.Build.0 = Release|Any CPU
		{DB724444-1E33-4CC3-BA0D-9F4545C7FD98}.Debug|Any CPU.ActiveCfg = Debug|Any CPU
		{DB724444-1E33-4CC3-BA0D-9F4545C7FD98}.Debug|Any CPU.Build.0 = Debug|Any CPU
		{DB724444-1E33-4CC3-BA0D-9F4545C7FD98}.Release|Any CPU.ActiveCfg = Release|Any CPU
		{DB724444-1E33-4CC3-BA0D-9F4545C7FD98}.Release|Any CPU.Build.0 = Release|Any CPU
	EndGlobalSection
EndGlobal
