
Microsoft Visual Studio Solution File, Format Version 12.00
Project("{2150E333-8FDC-42A3-9474-1A3956D46DE8}") = "src", "src", "{01399AED-2A7B-4251-ADB4-63EA0B4ACB1B}"
EndProject
Project("{2150E333-8FDC-42A3-9474-1A3956D46DE8}") = "tests", "tests", "{F23131C9-72F5-411F-AFBC-989795AA22FB}"
EndProject
Project("{FAE04EC0-301F-11D3-BF4B-00C04F79EFBC}") = "AutoDI.SourceGen", "src\AutoDI.SourceGen\AutoDI.SourceGen.csproj", "{D4A46710-A009-44E2-8449-5A09C967DEAA}"
EndProject
Project("{FAE04EC0-301F-11D3-BF4B-00C04F79EFBC}") = "AutoDI.Attributes", "src\AutoDI.Attributes\AutoDI.Attributes.csproj", "{169CBCF1-7D99-419C-876B-9308C3B6F915}"
EndProject
Project("{FAE04EC0-301F-11D3-BF4B-00C04F79EFBC}") = "ExampleWebAPI", "tests\ExampleWebAPI\ExampleWebAPI.csproj", "{7985C31F-EA3E-491C-929C-6DC61C31CD65}"
EndProject
Project("{FAE04EC0-301F-11D3-BF4B-00C04F79EFBC}") = "AutoDI.SourceGen.Tests", "tests\AutoDI.SourceGen.Tests\AutoDI.SourceGen.Tests.csproj", "{BE318B5F-2622-43DA-B767-FA4A1AB06B9C}"
EndProject
Project("{FAE04EC0-301F-11D3-BF4B-00C04F79EFBC}") = "AutoDI.Analyzers.Tests", "tests\AutoDI.Analyzers.Tests\AutoDI.Analyzers.Tests.csproj", "{A5232B34-B231-4750-B976-BB4DD9209E8F}"
EndProject
Project("{FAE04EC0-301F-11D3-BF4B-00C04F79EFBC}") = "AutoDI.Analyzers", "src\AutoDI.Analyzers\AutoDI.Analyzers.csproj", "{6D8094BA-DD5E-49FC-87A9-CEC8EA00BCE6}"
EndProject
Project("{2150E333-8FDC-42A3-9474-1A3956D46DE8}") = ".github", ".github", "{E1FD9952-58BC-4C3A-A1B9-0B6668B8F302}"
EndProject
Project("{2150E333-8FDC-42A3-9474-1A3956D46DE8}") = "workflows", "workflows", "{602C246D-64A7-48EE-A1C1-1B8092F14010}"
	ProjectSection(SolutionItems) = preProject
		.github\workflows\tests.yml = .github\workflows\tests.yml
	EndProjectSection
EndProject
Global
	GlobalSection(SolutionConfigurationPlatforms) = preSolution
		Debug|Any CPU = Debug|Any CPU
		Release|Any CPU = Release|Any CPU
	EndGlobalSection
	GlobalSection(NestedProjects) = preSolution
		{D4A46710-A009-44E2-8449-5A09C967DEAA} = {01399AED-2A7B-4251-ADB4-63EA0B4ACB1B}
		{169CBCF1-7D99-419C-876B-9308C3B6F915} = {01399AED-2A7B-4251-ADB4-63EA0B4ACB1B}
		{7985C31F-EA3E-491C-929C-6DC61C31CD65} = {F23131C9-72F5-411F-AFBC-989795AA22FB}
		{BE318B5F-2622-43DA-B767-FA4A1AB06B9C} = {F23131C9-72F5-411F-AFBC-989795AA22FB}
		{A5232B34-B231-4750-B976-BB4DD9209E8F} = {F23131C9-72F5-411F-AFBC-989795AA22FB}
		{6D8094BA-DD5E-49FC-87A9-CEC8EA00BCE6} = {01399AED-2A7B-4251-ADB4-63EA0B4ACB1B}
		{602C246D-64A7-48EE-A1C1-1B8092F14010} = {E1FD9952-58BC-4C3A-A1B9-0B6668B8F302}
	EndGlobalSection
	GlobalSection(ProjectConfigurationPlatforms) = postSolution
		{D4A46710-A009-44E2-8449-5A09C967DEAA}.Debug|Any CPU.ActiveCfg = Debug|Any CPU
		{D4A46710-A009-44E2-8449-5A09C967DEAA}.Debug|Any CPU.Build.0 = Debug|Any CPU
		{D4A46710-A009-44E2-8449-5A09C967DEAA}.Release|Any CPU.ActiveCfg = Release|Any CPU
		{D4A46710-A009-44E2-8449-5A09C967DEAA}.Release|Any CPU.Build.0 = Release|Any CPU
		{169CBCF1-7D99-419C-876B-9308C3B6F915}.Debug|Any CPU.ActiveCfg = Debug|Any CPU
		{169CBCF1-7D99-419C-876B-9308C3B6F915}.Debug|Any CPU.Build.0 = Debug|Any CPU
		{169CBCF1-7D99-419C-876B-9308C3B6F915}.Release|Any CPU.ActiveCfg = Release|Any CPU
		{169CBCF1-7D99-419C-876B-9308C3B6F915}.Release|Any CPU.Build.0 = Release|Any CPU
		{7985C31F-EA3E-491C-929C-6DC61C31CD65}.Debug|Any CPU.ActiveCfg = Debug|Any CPU
		{7985C31F-EA3E-491C-929C-6DC61C31CD65}.Debug|Any CPU.Build.0 = Debug|Any CPU
		{7985C31F-EA3E-491C-929C-6DC61C31CD65}.Release|Any CPU.ActiveCfg = Release|Any CPU
		{7985C31F-EA3E-491C-929C-6DC61C31CD65}.Release|Any CPU.Build.0 = Release|Any CPU
		{BE318B5F-2622-43DA-B767-FA4A1AB06B9C}.Debug|Any CPU.ActiveCfg = Debug|Any CPU
		{BE318B5F-2622-43DA-B767-FA4A1AB06B9C}.Debug|Any CPU.Build.0 = Debug|Any CPU
		{BE318B5F-2622-43DA-B767-FA4A1AB06B9C}.Release|Any CPU.ActiveCfg = Release|Any CPU
		{BE318B5F-2622-43DA-B767-FA4A1AB06B9C}.Release|Any CPU.Build.0 = Release|Any CPU
		{A5232B34-B231-4750-B976-BB4DD9209E8F}.Debug|Any CPU.ActiveCfg = Debug|Any CPU
		{A5232B34-B231-4750-B976-BB4DD9209E8F}.Debug|Any CPU.Build.0 = Debug|Any CPU
		{A5232B34-B231-4750-B976-BB4DD9209E8F}.Release|Any CPU.ActiveCfg = Release|Any CPU
		{A5232B34-B231-4750-B976-BB4DD9209E8F}.Release|Any CPU.Build.0 = Release|Any CPU
		{6D8094BA-DD5E-49FC-87A9-CEC8EA00BCE6}.Debug|Any CPU.ActiveCfg = Debug|Any CPU
		{6D8094BA-DD5E-49FC-87A9-CEC8EA00BCE6}.Debug|Any CPU.Build.0 = Debug|Any CPU
		{6D8094BA-DD5E-49FC-87A9-CEC8EA00BCE6}.Release|Any CPU.ActiveCfg = Release|Any CPU
		{6D8094BA-DD5E-49FC-87A9-CEC8EA00BCE6}.Release|Any CPU.Build.0 = Release|Any CPU
	EndGlobalSection
EndGlobal
